
Microsoft Visual Studio Solution File, Format Version 12.00
# Visual Studio 15
VisualStudioVersion = 15.0.28307.329
MinimumVisualStudioVersion = 10.0.40219.1
Project("{FAE04EC0-301F-11D3-BF4B-00C04F79EFBC}") = "HerokuDotNetCoreTest", "HerokuDotNetCoreTest\HerokuDotNetCoreTest.csproj", "{29D8770D-6175-46EB-9525-31EB9CB24AB1}"
EndProject
Global
	GlobalSection(SolutionConfigurationPlatforms) = preSolution
		Debug|Any CPU = Debug|Any CPU
		Release|Any CPU = Release|Any CPU
	EndGlobalSection
	GlobalSection(ProjectConfigurationPlatforms) = postSolution
		{29D8770D-6175-46EB-9525-31EB9CB24AB1}.Debug|Any CPU.ActiveCfg = Debug|Any CPU
		{29D8770D-6175-46EB-9525-31EB9CB24AB1}.Debug|Any CPU.Build.0 = Debug|Any CPU
		{29D8770D-6175-46EB-9525-31EB9CB24AB1}.Release|Any CPU.ActiveCfg = Release|Any CPU
		{29D8770D-6175-46EB-9525-31EB9CB24AB1}.Release|Any CPU.Build.0 = Release|Any CPU
	EndGlobalSection
	GlobalSection(SolutionProperties) = preSolution
		HideSolutionNode = FALSE
	EndGlobalSection
	GlobalSection(ExtensibilityGlobals) = postSolution
		SolutionGuid = {501BC1A4-88F8-4967-BE31-8C07906A8DE4}
	EndGlobalSection
EndGlobal
